
Microsoft Visual Studio Solution File, Format Version 12.00
# Visual Studio Version 16
VisualStudioVersion = 16.0.30717.126
MinimumVisualStudioVersion = 10.0.40219.1
Project("{FAE04EC0-301F-11D3-BF4B-00C04F79EFBC}") = "DiBris", "DiBris\DiBris.csproj", "{0B4D02BA-67BA-4E41-8A1C-EE51FF831A8D}"
EndProject
Global
	GlobalSection(SolutionConfigurationPlatforms) = preSolution
		Debug|Any CPU = Debug|Any CPU
		Release|Any CPU = Release|Any CPU
	EndGlobalSection
	GlobalSection(ProjectConfigurationPlatforms) = postSolution
		{0B4D02BA-67BA-4E41-8A1C-EE51FF831A8D}.Debug|Any CPU.ActiveCfg = Debug|Any CPU
		{0B4D02BA-67BA-4E41-8A1C-EE51FF831A8D}.Debug|Any CPU.Build.0 = Debug|Any CPU
		{0B4D02BA-67BA-4E41-8A1C-EE51FF831A8D}.Release|Any CPU.ActiveCfg = Release|Any CPU
		{0B4D02BA-67BA-4E41-8A1C-EE51FF831A8D}.Release|Any CPU.Build.0 = Release|Any CPU
	EndGlobalSection
	GlobalSection(SolutionProperties) = preSolution
		HideSolutionNode = FALSE
	EndGlobalSection
	GlobalSection(ExtensibilityGlobals) = postSolution
		SolutionGuid = {7BCEF066-AF09-400A-93D3-A59D6F41054B}
	EndGlobalSection
EndGlobal
